
Microsoft Visual Studio Solution File, Format Version 12.00
# Visual Studio Version 17
VisualStudioVersion = 17.4.33122.133
MinimumVisualStudioVersion = 10.0.40219.1
Project("{FAE04EC0-301F-11D3-BF4B-00C04F79EFBC}") = "2D-Camera", "2D-Camera.csproj", "{214B1A9B-14CA-4B6D-86A5-6D32DA4AE680}"
EndProject
Global
	GlobalSection(SolutionConfigurationPlatforms) = preSolution
		Debug|Any CPU = Debug|Any CPU
		Release|Any CPU = Release|Any CPU
	EndGlobalSection
	GlobalSection(ProjectConfigurationPlatforms) = postSolution
		{214B1A9B-14CA-4B6D-86A5-6D32DA4AE680}.Debug|Any CPU.ActiveCfg = Debug|Any CPU
		{214B1A9B-14CA-4B6D-86A5-6D32DA4AE680}.Debug|Any CPU.Build.0 = Debug|Any CPU
		{214B1A9B-14CA-4B6D-86A5-6D32DA4AE680}.Release|Any CPU.ActiveCfg = Release|Any CPU
		{214B1A9B-14CA-4B6D-86A5-6D32DA4AE680}.Release|Any CPU.Build.0 = Release|Any CPU
	EndGlobalSection
	GlobalSection(SolutionProperties) = preSolution
		HideSolutionNode = FALSE
	EndGlobalSection
	GlobalSection(ExtensibilityGlobals) = postSolution
		SolutionGuid = {7E0B9027-F250-4914-B41A-F095DC4DD60F}
	EndGlobalSection
EndGlobal
